// !$*UTF8*$!
{
	archiveVersion = 1;
	classes = {
	};
	objectVersion = 46;
	objects = {

/* Begin PBXBuildFile section */
		003ACC631B79638500D48C08 /* OptionSelectorTableViewController.m in Sources */ = {isa = PBXBuildFile; fileRef = 003ACC621B79638500D48C08 /* OptionSelectorTableViewController.m */; };
		003ACC661B796AB600D48C08 /* OSDataTableViewController.m in Sources */ = {isa = PBXBuildFile; fileRef = 003ACC651B796AB600D48C08 /* OSDataTableViewController.m */; };
		8DECE7921B78082B0064D760 /* main.m in Sources */ = {isa = PBXBuildFile; fileRef = 8DECE7911B78082B0064D760 /* main.m */; };
		8DECE7951B78082B0064D760 /* AppDelegate.m in Sources */ = {isa = PBXBuildFile; fileRef = 8DECE7941B78082B0064D760 /* AppDelegate.m */; };
		8DECE79B1B78082B0064D760 /* Main.storyboard in Resources */ = {isa = PBXBuildFile; fileRef = 8DECE7991B78082B0064D760 /* Main.storyboard */; };
		8DECE79D1B78082B0064D760 /* Images.xcassets in Resources */ = {isa = PBXBuildFile; fileRef = 8DECE79C1B78082B0064D760 /* Images.xcassets */; };
		8DECE7A01B78082B0064D760 /* LaunchScreen.xib in Resources */ = {isa = PBXBuildFile; fileRef = 8DECE79E1B78082B0064D760 /* LaunchScreen.xib */; };
		8DECE7AC1B78082B0064D760 /* OptionSelectorTests.m in Sources */ = {isa = PBXBuildFile; fileRef = 8DECE7AB1B78082B0064D760 /* OptionSelectorTests.m */; };
/* End PBXBuildFile section */

/* Begin PBXContainerItemProxy section */
		8DECE7A61B78082B0064D760 /* PBXContainerItemProxy */ = {
			isa = PBXContainerItemProxy;
			containerPortal = 8DECE7841B78082B0064D760 /* Project object */;
			proxyType = 1;
			remoteGlobalIDString = 8DECE78B1B78082B0064D760;
			remoteInfo = OptionSelector;
		};
/* End PBXContainerItemProxy section */

/* Begin PBXFileReference section */
		003ACC611B79638500D48C08 /* OptionSelectorTableViewController.h */ = {isa = PBXFileReference; fileEncoding = 4; lastKnownFileType = sourcecode.c.h; path = OptionSelectorTableViewController.h; sourceTree = "<group>"; };
		003ACC621B79638500D48C08 /* OptionSelectorTableViewController.m */ = {isa = PBXFileReference; fileEncoding = 4; lastKnownFileType = sourcecode.c.objc; path = OptionSelectorTableViewController.m; sourceTree = "<group>"; };
		003ACC641B796AB600D48C08 /* OSDataTableViewController.h */ = {isa = PBXFileReference; fileEncoding = 4; lastKnownFileType = sourcecode.c.h; path = OSDataTableViewController.h; sourceTree = "<group>"; };
		003ACC651B796AB600D48C08 /* OSDataTableViewController.m */ = {isa = PBXFileReference; fileEncoding = 4; lastKnownFileType = sourcecode.c.objc; path = OSDataTableViewController.m; sourceTree = "<group>"; };
		8DECE78C1B78082B0064D760 /* OptionSelector.app */ = {isa = PBXFileReference; explicitFileType = wrapper.application; includeInIndex = 0; path = OptionSelector.app; sourceTree = BUILT_PRODUCTS_DIR; };
		8DECE7901B78082B0064D760 /* Info.plist */ = {isa = PBXFileReference; lastKnownFileType = text.plist.xml; path = Info.plist; sourceTree = "<group>"; };
		8DECE7911B78082B0064D760 /* main.m */ = {isa = PBXFileReference; lastKnownFileType = sourcecode.c.objc; path = main.m; sourceTree = "<group>"; };
		8DECE7931B78082B0064D760 /* AppDelegate.h */ = {isa = PBXFileReference; lastKnownFileType = sourcecode.c.h; path = AppDelegate.h; sourceTree = "<group>"; };
		8DECE7941B78082B0064D760 /* AppDelegate.m */ = {isa = PBXFileReference; lastKnownFileType = sourcecode.c.objc; path = AppDelegate.m; sourceTree = "<group>"; };
		8DECE79A1B78082B0064D760 /* Base */ = {isa = PBXFileReference; lastKnownFileType = file.storyboard; name = Base; path = Base.lproj/Main.storyboard; sourceTree = "<group>"; };
		8DECE79C1B78082B0064D760 /* Images.xcassets */ = {isa = PBXFileReference; lastKnownFileType = folder.assetcatalog; path = Images.xcassets; sourceTree = "<group>"; };
		8DECE79F1B78082B0064D760 /* Base */ = {isa = PBXFileReference; lastKnownFileType = file.xib; name = Base; path = Base.lproj/LaunchScreen.xib; sourceTree = "<group>"; };
		8DECE7A51B78082B0064D760 /* OptionSelectorTests.xctest */ = {isa = PBXFileReference; explicitFileType = wrapper.cfbundle; includeInIndex = 0; path = OptionSelectorTests.xctest; sourceTree = BUILT_PRODUCTS_DIR; };
		8DECE7AA1B78082B0064D760 /* Info.plist */ = {isa = PBXFileReference; lastKnownFileType = text.plist.xml; path = Info.plist; sourceTree = "<group>"; };
		8DECE7AB1B78082B0064D760 /* OptionSelectorTests.m */ = {isa = PBXFileReference; lastKnownFileType = sourcecode.c.objc; path = OptionSelectorTests.m; sourceTree = "<group>"; };
/* End PBXFileReference section */

/* Begin PBXFrameworksBuildPhase section */
		8DECE7891B78082B0064D760 /* Frameworks */ = {
			isa = PBXFrameworksBuildPhase;
			buildActionMask = 2147483647;
			files = (
			);
			runOnlyForDeploymentPostprocessing = 0;
		};
		8DECE7A21B78082B0064D760 /* Frameworks */ = {
			isa = PBXFrameworksBuildPhase;
			buildActionMask = 2147483647;
			files = (
			);
			runOnlyForDeploymentPostprocessing = 0;
		};
/* End PBXFrameworksBuildPhase section */

/* Begin PBXGroup section */
		8DECE7831B78082B0064D760 = {
			isa = PBXGroup;
			children = (
				8DECE78E1B78082B0064D760 /* OptionSelector */,
				8DECE7A81B78082B0064D760 /* OptionSelectorTests */,
				8DECE78D1B78082B0064D760 /* Products */,
			);
			sourceTree = "<group>";
		};
		8DECE78D1B78082B0064D760 /* Products */ = {
			isa = PBXGroup;
			children = (
				8DECE78C1B78082B0064D760 /* OptionSelector.app */,
				8DECE7A51B78082B0064D760 /* OptionSelectorTests.xctest */,
			);
			name = Products;
			sourceTree = "<group>";
		};
		8DECE78E1B78082B0064D760 /* OptionSelector */ = {
			isa = PBXGroup;
			children = (
				8DECE7931B78082B0064D760 /* AppDelegate.h */,
				8DECE7941B78082B0064D760 /* AppDelegate.m */,
				003ACC611B79638500D48C08 /* OptionSelectorTableViewController.h */,
				003ACC621B79638500D48C08 /* OptionSelectorTableViewController.m */,
				003ACC641B796AB600D48C08 /* OSDataTableViewController.h */,
				003ACC651B796AB600D48C08 /* OSDataTableViewController.m */,
				8DECE7991B78082B0064D760 /* Main.storyboard */,
				8DECE79C1B78082B0064D760 /* Images.xcassets */,
				8DECE79E1B78082B0064D760 /* LaunchScreen.xib */,
				8DECE78F1B78082B0064D760 /* Supporting Files */,
			);
			path = OptionSelector;
			sourceTree = "<group>";
		};
		8DECE78F1B78082B0064D760 /* Supporting Files */ = {
			isa = PBXGroup;
			children = (
				8DECE7901B78082B0064D760 /* Info.plist */,
				8DECE7911B78082B0064D760 /* main.m */,
			);
			name = "Supporting Files";
			sourceTree = "<group>";
		};
		8DECE7A81B78082B0064D760 /* OptionSelectorTests */ = {
			isa = PBXGroup;
			children = (
				8DECE7AB1B78082B0064D760 /* OptionSelectorTests.m */,
				8DECE7A91B78082B0064D760 /* Supporting Files */,
			);
			path = OptionSelectorTests;
			sourceTree = "<group>";
		};
		8DECE7A91B78082B0064D760 /* Supporting Files */ = {
			isa = PBXGroup;
			children = (
				8DECE7AA1B78082B0064D760 /* Info.plist */,
			);
			name = "Supporting Files";
			sourceTree = "<group>";
		};
/* End PBXGroup section */

/* Begin PBXNativeTarget section */
		8DECE78B1B78082B0064D760 /* OptionSelector */ = {
			isa = PBXNativeTarget;
			buildConfigurationList = 8DECE7AF1B78082B0064D760 /* Build configuration list for PBXNativeTarget "OptionSelector" */;
			buildPhases = (
				8DECE7881B78082B0064D760 /* Sources */,
				8DECE7891B78082B0064D760 /* Frameworks */,
				8DECE78A1B78082B0064D760 /* Resources */,
			);
			buildRules = (
			);
			dependencies = (
			);
			name = OptionSelector;
			productName = OptionSelector;
			productReference = 8DECE78C1B78082B0064D760 /* OptionSelector.app */;
			productType = "com.apple.product-type.application";
		};
		8DECE7A41B78082B0064D760 /* OptionSelectorTests */ = {
			isa = PBXNativeTarget;
			buildConfigurationList = 8DECE7B21B78082B0064D760 /* Build configuration list for PBXNativeTarget "OptionSelectorTests" */;
			buildPhases = (
				8DECE7A11B78082B0064D760 /* Sources */,
				8DECE7A21B78082B0064D760 /* Frameworks */,
				8DECE7A31B78082B0064D760 /* Resources */,
			);
			buildRules = (
			);
			dependencies = (
				8DECE7A71B78082B0064D760 /* PBXTargetDependency */,
			);
			name = OptionSelectorTests;
			productName = OptionSelectorTests;
			productReference = 8DECE7A51B78082B0064D760 /* OptionSelectorTests.xctest */;
			productType = "com.apple.product-type.bundle.unit-test";
		};
/* End PBXNativeTarget section */

/* Begin PBXProject section */
		8DECE7841B78082B0064D760 /* Project object */ = {
			isa = PBXProject;
			attributes = {
				LastUpgradeCheck = 0640;
				ORGANIZATIONNAME = "Mike Kavouras";
				TargetAttributes = {
					8DECE78B1B78082B0064D760 = {
						CreatedOnToolsVersion = 6.4;
					};
					8DECE7A41B78082B0064D760 = {
						CreatedOnToolsVersion = 6.4;
						TestTargetID = 8DECE78B1B78082B0064D760;
					};
				};
			};
			buildConfigurationList = 8DECE7871B78082B0064D760 /* Build configuration list for PBXProject "OptionSelector" */;
			compatibilityVersion = "Xcode 3.2";
			developmentRegion = English;
			hasScannedForEncodings = 0;
			knownRegions = (
				en,
				Base,
			);
			mainGroup = 8DECE7831B78082B0064D760;
			productRefGroup = 8DECE78D1B78082B0064D760 /* Products */;
			projectDirPath = "";
			projectRoot = "";
			targets = (
				8DECE78B1B78082B0064D760 /* OptionSelector */,
				8DECE7A41B78082B0064D760 /* OptionSelectorTests */,
			);
		};
/* End PBXProject section */

/* Begin PBXResourcesBuildPhase section */
		8DECE78A1B78082B0064D760 /* Resources */ = {
			isa = PBXResourcesBuildPhase;
			buildActionMask = 2147483647;
			files = (
				8DECE79B1B78082B0064D760 /* Main.storyboard in Resources */,
				8DECE7A01B78082B0064D760 /* LaunchScreen.xib in Resources */,
				8DECE79D1B78082B0064D760 /* Images.xcassets in Resources */,
			);
			runOnlyForDeploymentPostprocessing = 0;
		};
		8DECE7A31B78082B0064D760 /* Resources */ = {
			isa = PBXResourcesBuildPhase;
			buildActionMask = 2147483647;
			files = (
			);
			runOnlyForDeploymentPostprocessing = 0;
		};
/* End PBXResourcesBuildPhase section */

/* Begin PBXSourcesBuildPhase section */
		8DECE7881B78082B0064D760 /* Sources */ = {
			isa = PBXSourcesBuildPhase;
			buildActionMask = 2147483647;
			files = (
				003ACC631B79638500D48C08 /* OptionSelectorTableViewController.m in Sources */,
				003ACC661B796AB600D48C08 /* OSDataTableViewController.m in Sources */,
				8DECE7951B78082B0064D760 /* AppDelegate.m in Sources */,
				8DECE7921B78082B0064D760 /* main.m in Sources */,
			);
			runOnlyForDeploymentPostprocessing = 0;
		};
		8DECE7A11B78082B0064D760 /* Sources */ = {
			isa = PBXSourcesBuildPhase;
			buildActionMask = 2147483647;
			files = (
				8DECE7AC1B78082B0064D760 /* OptionSelectorTests.m in Sources */,
			);
			runOnlyForDeploymentPostprocessing = 0;
		};
/* End PBXSourcesBuildPhase section */

/* Begin PBXTargetDependency section */
		8DECE7A71B78082B0064D760 /* PBXTargetDependency */ = {
			isa = PBXTargetDependency;
			target = 8DECE78B1B78082B0064D760 /* OptionSelector */;
			targetProxy = 8DECE7A61B78082B0064D760 /* PBXContainerItemProxy */;
		};
/* End PBXTargetDependency section */

/* Begin PBXVariantGroup section */
		8DECE7991B78082B0064D760 /* Main.storyboard */ = {
			isa = PBXVariantGroup;
			children = (
				8DECE79A1B78082B0064D760 /* Base */,
			);
			name = Main.storyboard;
			sourceTree = "<group>";
		};
		8DECE79E1B78082B0064D760 /* LaunchScreen.xib */ = {
			isa = PBXVariantGroup;
			children = (
				8DECE79F1B78082B0064D760 /* Base */,
			);
			name = LaunchScreen.xib;
			sourceTree = "<group>";
		};
/* End PBXVariantGroup section */

/* Begin XCBuildConfiguration section */
		8DECE7AD1B78082B0064D760 /* Debug */ = {
			isa = XCBuildConfiguration;
			buildSettings = {
				ALWAYS_SEARCH_USER_PATHS = NO;
				CLANG_CXX_LANGUAGE_STANDARD = "gnu++0x";
				CLANG_CXX_LIBRARY = "libc++";
				CLANG_ENABLE_MODULES = YES;
				CLANG_ENABLE_OBJC_ARC = YES;
				CLANG_WARN_BOOL_CONVERSION = YES;
				CLANG_WARN_CONSTANT_CONVERSION = YES;
				CLANG_WARN_DIRECT_OBJC_ISA_USAGE = YES_ERROR;
				CLANG_WARN_EMPTY_BODY = YES;
				CLANG_WARN_ENUM_CONVERSION = YES;
				CLANG_WARN_INT_CONVERSION = YES;
				CLANG_WARN_OBJC_ROOT_CLASS = YES_ERROR;
				CLANG_WARN_UNREACHABLE_CODE = YES;
				CLANG_WARN__DUPLICATE_METHOD_MATCH = YES;
				"CODE_SIGN_IDENTITY[sdk=iphoneos*]" = "iPhone Developer";
				COPY_PHASE_STRIP = NO;
				DEBUG_INFORMATION_FORMAT = "dwarf-with-dsym";
				ENABLE_STRICT_OBJC_MSGSEND = YES;
				GCC_C_LANGUAGE_STANDARD = gnu99;
				GCC_DYNAMIC_NO_PIC = NO;
				GCC_NO_COMMON_BLOCKS = YES;
				GCC_OPTIMIZATION_LEVEL = 0;
				GCC_PREPROCESSOR_DEFINITIONS = (
					"DEBUG=1",
					"$(inherited)",
				);
				GCC_SYMBOLS_PRIVATE_EXTERN = NO;
				GCC_WARN_64_TO_32_BIT_CONVERSION = YES;
				GCC_WARN_ABOUT_RETURN_TYPE = YES_ERROR;
				GCC_WARN_UNDECLARED_SELECTOR = YES;
				GCC_WARN_UNINITIALIZED_AUTOS = YES_AGGRESSIVE;
				GCC_WARN_UNUSED_FUNCTION = YES;
				GCC_WARN_UNUSED_VARIABLE = YES;
				IPHONEOS_DEPLOYMENT_TARGET = 8.4;
				MTL_ENABLE_DEBUG_INFO = YES;
				ONLY_ACTIVE_ARCH = YES;
				SDKROOT = iphoneos;
			};
			name = Debug;
		};
		8DECE7AE1B78082B0064D760 /* Release */ = {
			isa = XCBuildConfiguration;
			buildSettings = {
				ALWAYS_SEARCH_USER_PATHS = NO;
				CLANG_CXX_LANGUAGE_STANDARD = "gnu++0x";
				CLANG_CXX_LIBRARY = "libc++";
				CLANG_ENABLE_MODULES = YES;
				CLANG_ENABLE_OBJC_ARC = YES;
				CLANG_WARN_BOOL_CONVERSION = YES;
				CLANG_WARN_CONSTANT_CONVERSION = YES;
				CLANG_WARN_DIRECT_OBJC_ISA_USAGE = YES_ERROR;
				CLANG_WARN_EMPTY_BODY = YES;
				CLANG_WARN_ENUM_CONVERSION = YES;
				CLANG_WARN_INT_CONVERSION = YES;
				CLANG_WARN_OBJC_ROOT_CLASS = YES_ERROR;
				CLANG_WARN_UNREACHABLE_CODE = YES;
				CLANG_WARN__DUPLICATE_METHOD_MATCH = YES;
				"CODE_SIGN_IDENTITY[sdk=iphoneos*]" = "iPhone Developer";
				COPY_PHASE_STRIP = NO;
				DEBUG_INFORMATION_FORMAT = "dwarf-with-dsym";
				ENABLE_NS_ASSERTIONS = NO;
				ENABLE_STRICT_OBJC_MSGSEND = YES;
				GCC_C_LANGUAGE_STANDARD = gnu99;
				GCC_NO_COMMON_BLOCKS = YES;
				GCC_WARN_64_TO_32_BIT_CONVERSION = YES;
				GCC_WARN_ABOUT_RETURN_TYPE = YES_ERROR;
				GCC_WARN_UNDECLARED_SELECTOR = YES;
				GCC_WARN_UNINITIALIZED_AUTOS = YES_AGGRESSIVE;
				GCC_WARN_UNUSED_FUNCTION = YES;
				GCC_WARN_UNUSED_VARIABLE = YES;
				IPHONEOS_DEPLOYMENT_TARGET = 8.4;
				MTL_ENABLE_DEBUG_INFO = NO;
				SDKROOT = iphoneos;
				VALIDATE_PRODUCT = YES;
			};
			name = Release;
		};
		8DECE7B01B78082B0064D760 /* Debug */ = {
			isa = XCBuildConfiguration;
			buildSettings = {
				ASSETCATALOG_COMPILER_APPICON_NAME = AppIcon;
				INFOPLIST_FILE = OptionSelector/Info.plist;
				IPHONEOS_DEPLOYMENT_TARGET = 8.0;
				LD_RUNPATH_SEARCH_PATHS = "$(inherited) @executable_path/Frameworks";
				PRODUCT_NAME = "$(TARGET_NAME)";
			};
			name = Debug;
		};
		8DECE7B11B78082B0064D760 /* Release */ = {
			isa = XCBuildConfiguration;
			buildSettings = {
				ASSETCATALOG_COMPILER_APPICON_NAME = AppIcon;
				INFOPLIST_FILE = OptionSelector/Info.plist;
				IPHONEOS_DEPLOYMENT_TARGET = 8.0;
				LD_RUNPATH_SEARCH_PATHS = "$(inherited) @executable_path/Frameworks";
				PRODUCT_NAME = "$(TARGET_NAME)";
			};
			name = Release;
		};
		8DECE7B31B78082B0064D760 /* Debug */ = {
			isa = XCBuildConfiguration;
			buildSettings = {
				BUNDLE_LOADER = "$(TEST_HOST)";
				FRAMEWORK_SEARCH_PATHS = (
					"$(SDKROOT)/Developer/Library/Frameworks",
					"$(inherited)",
				);
				GCC_PREPROCESSOR_DEFINITIONS = (
					"DEBUG=1",
					"$(inherited)",
				);
				INFOPLIST_FILE = OptionSelectorTests/Info.plist;
				LD_RUNPATH_SEARCH_PATHS = "$(inherited) @executable_path/Frameworks @loader_path/Frameworks";
				PRODUCT_NAME = "$(TARGET_NAME)";
				TEST_HOST = "$(BUILT_PRODUCTS_DIR)/OptionSelector.app/OptionSelector";
			};
			name = Debug;
		};
		8DECE7B41B78082B0064D760 /* Release */ = {
			isa = XCBuildConfiguration;
			buildSettings = {
				BUNDLE_LOADER = "$(TEST_HOST)";
				FRAMEWORK_SEARCH_PATHS = (
					"$(SDKROOT)/Developer/Library/Frameworks",
					"$(inherited)",
				);
				INFOPLIST_FILE = OptionSelectorTests/Info.plist;
				LD_RUNPATH_SEARCH_PATHS = "$(inherited) @executable_path/Frameworks @loader_path/Frameworks";
				PRODUCT_NAME = "$(TARGET_NAME)";
				TEST_HOST = "$(BUILT_PRODUCTS_DIR)/OptionSelector.app/OptionSelector";
			};
			name = Release;
		};
/* End XCBuildConfiguration section */

/* Begin XCConfigurationList section */
		8DECE7871B78082B0064D760 /* Build configuration list for PBXProject "OptionSelector" */ = {
			isa = XCConfigurationList;
			buildConfigurations = (
				8DECE7AD1B78082B0064D760 /* Debug */,
				8DECE7AE1B78082B0064D760 /* Release */,
			);
			defaultConfigurationIsVisible = 0;
			defaultConfigurationName = Release;
		};
		8DECE7AF1B78082B0064D760 /* Build configuration list for PBXNativeTarget "OptionSelector" */ = {
			isa = XCConfigurationList;
			buildConfigurations = (
				8DECE7B01B78082B0064D760 /* Debug */,
				8DECE7B11B78082B0064D760 /* Release */,
			);
			defaultConfigurationIsVisible = 0;
			defaultConfigurationName = Release;
		};
		8DECE7B21B78082B0064D760 /* Build configuration list for PBXNativeTarget "OptionSelectorTests" */ = {
			isa = XCConfigurationList;
			buildConfigurations = (
				8DECE7B31B78082B0064D760 /* Debug */,
				8DECE7B41B78082B0064D760 /* Release */,
			);
			defaultConfigurationIsVisible = 0;
			defaultConfigurationName = Release;
		};
/* End XCConfigurationList section */
	};
	rootObject = 8DECE7841B78082B0064D760 /* Project object */;
}
